
Microsoft Visual Studio Solution File, Format Version 12.00
# Visual Studio 15
VisualStudioVersion = 15.0.28307.779
MinimumVisualStudioVersion = 10.0.40219.1
Project("{FAE04EC0-301F-11D3-BF4B-00C04F79EFBC}") = "WebApplication1", "WebApplication1\WebApplication1.csproj", "{3454E34D-D481-43A8-8C01-AC11A293DB0E}"
EndProject
Project("{FAE04EC0-301F-11D3-BF4B-00C04F79EFBC}") = "WebApplication2", "WebApplication2\WebApplication2.csproj", "{8697B030-C69C-4A51-A997-49CDE915D0B9}"
EndProject
Project("{FAE04EC0-301F-11D3-BF4B-00C04F79EFBC}") = "lobby", "lobby\lobby.csproj", "{8B5441A1-F7AB-41AD-825E-2191D1EB85EE}"
EndProject
Global
	GlobalSection(SolutionConfigurationPlatforms) = preSolution
		Debug|Any CPU = Debug|Any CPU
		Release|Any CPU = Release|Any CPU
	EndGlobalSection
	GlobalSection(ProjectConfigurationPlatforms) = postSolution
		{3454E34D-D481-43A8-8C01-AC11A293DB0E}.Debug|Any CPU.ActiveCfg = Debug|Any CPU
		{3454E34D-D481-43A8-8C01-AC11A293DB0E}.Debug|Any CPU.Build.0 = Debug|Any CPU
		{3454E34D-D481-43A8-8C01-AC11A293DB0E}.Release|Any CPU.ActiveCfg = Release|Any CPU
		{3454E34D-D481-43A8-8C01-AC11A293DB0E}.Release|Any CPU.Build.0 = Release|Any CPU
		{8697B030-C69C-4A51-A997-49CDE915D0B9}.Debug|Any CPU.ActiveCfg = Debug|Any CPU
		{8697B030-C69C-4A51-A997-49CDE915D0B9}.Debug|Any CPU.Build.0 = Debug|Any CPU
		{8697B030-C69C-4A51-A997-49CDE915D0B9}.Release|Any CPU.ActiveCfg = Release|Any CPU
		{8697B030-C69C-4A51-A997-49CDE915D0B9}.Release|Any CPU.Build.0 = Release|Any CPU
		{8B5441A1-F7AB-41AD-825E-2191D1EB85EE}.Debug|Any CPU.ActiveCfg = Debug|Any CPU
		{8B5441A1-F7AB-41AD-825E-2191D1EB85EE}.Debug|Any CPU.Build.0 = Debug|Any CPU
		{8B5441A1-F7AB-41AD-825E-2191D1EB85EE}.Release|Any CPU.ActiveCfg = Release|Any CPU
		{8B5441A1-F7AB-41AD-825E-2191D1EB85EE}.Release|Any CPU.Build.0 = Release|Any CPU
	EndGlobalSection
	GlobalSection(SolutionProperties) = preSolution
		HideSolutionNode = FALSE
	EndGlobalSection
	GlobalSection(ExtensibilityGlobals) = postSolution
		SolutionGuid = {CC541352-D2D5-4F42-931F-6E373258EF0D}
	EndGlobalSection
EndGlobal
